
Microsoft Visual Studio Solution File, Format Version 12.00
# Visual Studio Version 17
VisualStudioVersion = 17.14.36414.22 d17.14
MinimumVisualStudioVersion = 10.0.40219.1
Project("{FAE04EC0-301F-11D3-BF4B-00C04F79EFBC}") = "EscapeFromTrinityEngineStats", "EscapeFromTrinityEngineStats\EscapeFromTrinityEngineStats.csproj", "{B7EDF2EB-1700-4AC6-A44E-D752487138A5}"
EndProject
Project("{FAE04EC0-301F-11D3-BF4B-00C04F79EFBC}") = "StatisticsApi", "StatisticsApi\StatisticsApi.csproj", "{B9C27A70-667E-C774-7BD0-DB2AE9926DC2}"
EndProject
Global
	GlobalSection(SolutionConfigurationPlatforms) = preSolution
		Debug|Any CPU = Debug|Any CPU
		Release|Any CPU = Release|Any CPU
	EndGlobalSection
	GlobalSection(ProjectConfigurationPlatforms) = postSolution
		{B7EDF2EB-1700-4AC6-A44E-D752487138A5}.Debug|Any CPU.ActiveCfg = Debug|Any CPU
		{B7EDF2EB-1700-4AC6-A44E-D752487138A5}.Debug|Any CPU.Build.0 = Debug|Any CPU
		{B7EDF2EB-1700-4AC6-A44E-D752487138A5}.Release|Any CPU.ActiveCfg = Release|Any CPU
		{B7EDF2EB-1700-4AC6-A44E-D752487138A5}.Release|Any CPU.Build.0 = Release|Any CPU
		{B9C27A70-667E-C774-7BD0-DB2AE9926DC2}.Debug|Any CPU.ActiveCfg = Debug|Any CPU
		{B9C27A70-667E-C774-7BD0-DB2AE9926DC2}.Debug|Any CPU.Build.0 = Debug|Any CPU
		{B9C27A70-667E-C774-7BD0-DB2AE9926DC2}.Release|Any CPU.ActiveCfg = Release|Any CPU
		{B9C27A70-667E-C774-7BD0-DB2AE9926DC2}.Release|Any CPU.Build.0 = Release|Any CPU
	EndGlobalSection
	GlobalSection(SolutionProperties) = preSolution
		HideSolutionNode = FALSE
	EndGlobalSection
	GlobalSection(ExtensibilityGlobals) = postSolution
		SolutionGuid = {8ABDA896-78E8-47B3-8101-83C1BB286E05}
	EndGlobalSection
EndGlobal
